
Microsoft Visual Studio Solution File, Format Version 11.00
# Visual Studio 2010
Project("{FAE04EC0-301F-11D3-BF4B-00C04F79EFBC}") = "TinyORM", "TinyORM\TinyORM.csproj", "{133E4EA1-F83B-4F76-8BCF-EA47DF3267F9}"
EndProject
Project("{FAE04EC0-301F-11D3-BF4B-00C04F79EFBC}") = "Tests", "Tests\Tests.csproj", "{E9573B0C-37D4-4698-AC6C-B8AF06CE8EDB}"
EndProject
Project("{FAE04EC0-301F-11D3-BF4B-00C04F79EFBC}") = "ThirdParty", "ThirdParty\ThirdParty.csproj", "{E26F359B-175B-4156-B48B-4BCA588325EC}"
EndProject
Project("{FAE04EC0-301F-11D3-BF4B-00C04F79EFBC}") = "TinyORM.Debugger", "TinyORM.Debugger\TinyORM.Debugger.csproj", "{B850E1E8-2E6A-4CDA-A9F7-68AD47F2B1DC}"
EndProject
Global
	GlobalSection(SolutionConfigurationPlatforms) = preSolution
		Debug|Any CPU = Debug|Any CPU
		Debug|Mixed Platforms = Debug|Mixed Platforms
		Debug|x86 = Debug|x86
		Release|Any CPU = Release|Any CPU
		Release|Mixed Platforms = Release|Mixed Platforms
		Release|x86 = Release|x86
	EndGlobalSection
	GlobalSection(ProjectConfigurationPlatforms) = postSolution
		{133E4EA1-F83B-4F76-8BCF-EA47DF3267F9}.Debug|Any CPU.ActiveCfg = Debug|Any CPU
		{133E4EA1-F83B-4F76-8BCF-EA47DF3267F9}.Debug|Any CPU.Build.0 = Debug|Any CPU
		{133E4EA1-F83B-4F76-8BCF-EA47DF3267F9}.Debug|Mixed Platforms.ActiveCfg = Debug|Any CPU
		{133E4EA1-F83B-4F76-8BCF-EA47DF3267F9}.Debug|Mixed Platforms.Build.0 = Debug|Any CPU
		{133E4EA1-F83B-4F76-8BCF-EA47DF3267F9}.Debug|x86.ActiveCfg = Debug|Any CPU
		{133E4EA1-F83B-4F76-8BCF-EA47DF3267F9}.Release|Any CPU.ActiveCfg = Release|Any CPU
		{133E4EA1-F83B-4F76-8BCF-EA47DF3267F9}.Release|Any CPU.Build.0 = Release|Any CPU
		{133E4EA1-F83B-4F76-8BCF-EA47DF3267F9}.Release|Mixed Platforms.ActiveCfg = Release|Any CPU
		{133E4EA1-F83B-4F76-8BCF-EA47DF3267F9}.Release|Mixed Platforms.Build.0 = Release|Any CPU
		{133E4EA1-F83B-4F76-8BCF-EA47DF3267F9}.Release|x86.ActiveCfg = Release|Any CPU
		{E9573B0C-37D4-4698-AC6C-B8AF06CE8EDB}.Debug|Any CPU.ActiveCfg = Debug|Any CPU
		{E9573B0C-37D4-4698-AC6C-B8AF06CE8EDB}.Debug|Any CPU.Build.0 = Debug|Any CPU
		{E9573B0C-37D4-4698-AC6C-B8AF06CE8EDB}.Debug|Mixed Platforms.ActiveCfg = Debug|Any CPU
		{E9573B0C-37D4-4698-AC6C-B8AF06CE8EDB}.Debug|Mixed Platforms.Build.0 = Debug|Any CPU
		{E9573B0C-37D4-4698-AC6C-B8AF06CE8EDB}.Debug|x86.ActiveCfg = Debug|Any CPU
		{E9573B0C-37D4-4698-AC6C-B8AF06CE8EDB}.Release|Any CPU.ActiveCfg = Release|Any CPU
		{E9573B0C-37D4-4698-AC6C-B8AF06CE8EDB}.Release|Any CPU.Build.0 = Release|Any CPU
		{E9573B0C-37D4-4698-AC6C-B8AF06CE8EDB}.Release|Mixed Platforms.ActiveCfg = Release|Any CPU
		{E9573B0C-37D4-4698-AC6C-B8AF06CE8EDB}.Release|Mixed Platforms.Build.0 = Release|Any CPU
		{E9573B0C-37D4-4698-AC6C-B8AF06CE8EDB}.Release|x86.ActiveCfg = Release|Any CPU
		{E26F359B-175B-4156-B48B-4BCA588325EC}.Debug|Any CPU.ActiveCfg = Debug|Any CPU
		{E26F359B-175B-4156-B48B-4BCA588325EC}.Debug|Mixed Platforms.ActiveCfg = Debug|Any CPU
		{E26F359B-175B-4156-B48B-4BCA588325EC}.Debug|Mixed Platforms.Build.0 = Debug|Any CPU
		{E26F359B-175B-4156-B48B-4BCA588325EC}.Debug|x86.ActiveCfg = Debug|Any CPU
		{E26F359B-175B-4156-B48B-4BCA588325EC}.Release|Any CPU.ActiveCfg = Release|Any CPU
		{E26F359B-175B-4156-B48B-4BCA588325EC}.Release|Any CPU.Build.0 = Release|Any CPU
		{E26F359B-175B-4156-B48B-4BCA588325EC}.Release|Mixed Platforms.ActiveCfg = Release|Any CPU
		{E26F359B-175B-4156-B48B-4BCA588325EC}.Release|Mixed Platforms.Build.0 = Release|Any CPU
		{E26F359B-175B-4156-B48B-4BCA588325EC}.Release|x86.ActiveCfg = Release|Any CPU
		{B850E1E8-2E6A-4CDA-A9F7-68AD47F2B1DC}.Debug|Any CPU.ActiveCfg = Debug|x86
		{B850E1E8-2E6A-4CDA-A9F7-68AD47F2B1DC}.Debug|Mixed Platforms.ActiveCfg = Debug|x86
		{B850E1E8-2E6A-4CDA-A9F7-68AD47F2B1DC}.Debug|Mixed Platforms.Build.0 = Debug|x86
		{B850E1E8-2E6A-4CDA-A9F7-68AD47F2B1DC}.Debug|x86.ActiveCfg = Debug|x86
		{B850E1E8-2E6A-4CDA-A9F7-68AD47F2B1DC}.Debug|x86.Build.0 = Debug|x86
		{B850E1E8-2E6A-4CDA-A9F7-68AD47F2B1DC}.Release|Any CPU.ActiveCfg = Release|x86
		{B850E1E8-2E6A-4CDA-A9F7-68AD47F2B1DC}.Release|Mixed Platforms.ActiveCfg = Release|x86
		{B850E1E8-2E6A-4CDA-A9F7-68AD47F2B1DC}.Release|Mixed Platforms.Build.0 = Release|x86
		{B850E1E8-2E6A-4CDA-A9F7-68AD47F2B1DC}.Release|x86.ActiveCfg = Release|x86
		{B850E1E8-2E6A-4CDA-A9F7-68AD47F2B1DC}.Release|x86.Build.0 = Release|x86
	EndGlobalSection
	GlobalSection(SolutionProperties) = preSolution
		HideSolutionNode = FALSE
	EndGlobalSection
EndGlobal
